
Microsoft Visual Studio Solution File, Format Version 12.00
# Visual Studio Version 17
VisualStudioVersion = 17.8.34330.188
MinimumVisualStudioVersion = 10.0.40219.1
Project("{8BC9CEB8-8B4A-11D0-8D11-00A0C91BC942}") = "1-FirstProject", "FirstProject\FirstProject.vcxproj", "{D998D839-98E2-4668-8EDF-5B3BA979A46E}"
EndProject
Project("{8BC9CEB8-8B4A-11D0-8D11-00A0C91BC942}") = "2-Variable", "2-Variable\2-Variable.vcxproj", "{A97CC2C5-C284-43BB-9E7D-53B61DF9433C}"
EndProject
Project("{8BC9CEB8-8B4A-11D0-8D11-00A0C91BC942}") = "3-Constant Variable", "3-Constant Variable\3-Constant Variable.vcxproj", "{5FB00D0B-C50D-48EB-A7F6-8F9A19BA54C0}"
EndProject
Project("{8BC9CEB8-8B4A-11D0-8D11-00A0C91BC942}") = "4-Name Convention", "4-Name Convention\4-Name Convention.vcxproj", "{4A81D780-0076-4FBB-ACCC-053CDF406714}"
EndProject
Project("{8BC9CEB8-8B4A-11D0-8D11-00A0C91BC942}") = "5-Math Expression", "5-Math Expression\5-Math Expression.vcxproj", "{A448ADA5-EAF3-4B72-8ABC-55456D450FE0}"
EndProject
Project("{8BC9CEB8-8B4A-11D0-8D11-00A0C91BC942}") = "6-Output Console", "6-Output Console\6-Output Console.vcxproj", "{0E5F02F6-A365-4A7A-9323-21EBF53D2A42}"
EndProject
Project("{8BC9CEB8-8B4A-11D0-8D11-00A0C91BC942}") = "7-Read Console", "7-Read Console\7-Read Console.vcxproj", "{EBD0FBCA-0212-4F03-B79C-A0ABB3BF4841}"
EndProject
Project("{8BC9CEB8-8B4A-11D0-8D11-00A0C91BC942}") = "8-Comment", "8-Comment\8-Comment.vcxproj", "{BF9A15FB-B258-4880-92ED-16D1D7943175}"
EndProject
Project("{8BC9CEB8-8B4A-11D0-8D11-00A0C91BC942}") = "9-Basic DataType", "9-Basic DataType\9-Basic DataType.vcxproj", "{B984FD12-4F82-4674-8106-AE49AC364200}"
EndProject
Project("{8BC9CEB8-8B4A-11D0-8D11-00A0C91BC942}") = "10-String", "10-String\10-String.vcxproj", "{9C11C747-C878-484F-AA2D-55BF9DFBFB5B}"
EndProject
Project("{8BC9CEB8-8B4A-11D0-8D11-00A0C91BC942}") = "11-Array", "11-Array\11-Array.vcxproj", "{EA4B435E-1D43-454A-9FA1-DF4EABC81FEE}"
EndProject
Project("{8BC9CEB8-8B4A-11D0-8D11-00A0C91BC942}") = "12-Type Conversion", "12-Type Conversion\12-Type Conversion.vcxproj", "{AB142F9C-D192-43E4-967D-5C0A79757FAE}"
EndProject
Project("{8BC9CEB8-8B4A-11D0-8D11-00A0C91BC942}") = "13-Comparing Operator", "13-Comparing Operator\13-Comparing Operator.vcxproj", "{C35A23C1-0E69-4AC5-AFFD-9539B139F9C7}"
EndProject
Project("{8BC9CEB8-8B4A-11D0-8D11-00A0C91BC942}") = "14-Logical Operator", "14-Logical Operator\14-Logical Operator.vcxproj", "{7646FC83-5330-4E3C-BC23-A9BFCA895555}"
EndProject
Project("{8BC9CEB8-8B4A-11D0-8D11-00A0C91BC942}") = "15-If Statement", "15-If Statement\15-If Statement.vcxproj", "{027CAB9A-2BC9-4371-BD1A-A48E1B10D01A}"
EndProject
Project("{8BC9CEB8-8B4A-11D0-8D11-00A0C91BC942}") = "16-Switch Statement", "16-Switch Statement\16-Switch Statement.vcxproj", "{50F08ECA-6BF9-4601-8725-DB92DFA60A9F}"
EndProject
Project("{8BC9CEB8-8B4A-11D0-8D11-00A0C91BC942}") = "17-For Loop", "16-While Loop\16-While Loop.vcxproj", "{0C808814-6E49-4C5F-9D62-EF47F54B8696}"
EndProject
Project("{8BC9CEB8-8B4A-11D0-8D11-00A0C91BC942}") = "18-While Loop", "18-While Loop\18-While Loop.vcxproj", "{69D0C54A-2044-41CA-84A3-439C9C6F2C4D}"
EndProject
Project("{8BC9CEB8-8B4A-11D0-8D11-00A0C91BC942}") = "19-Do While", "19-Do While\19-Do While.vcxproj", "{CE55E134-5E29-47EA-8A63-C2A7C06B272B}"
EndProject
Project("{8BC9CEB8-8B4A-11D0-8D11-00A0C91BC942}") = "20-Range Loop", "20-Range Loop\20-Range Loop.vcxproj", "{46C1669D-D2A9-4A71-B67A-110CE768A192}"
EndProject
Project("{8BC9CEB8-8B4A-11D0-8D11-00A0C91BC942}") = "21-Continue and Break", "21-Continue and Break\21-Continue and Break.vcxproj", "{AAC09F46-B49D-4185-A1FD-7855580437F1}"
EndProject
Project("{8BC9CEB8-8B4A-11D0-8D11-00A0C91BC942}") = "22-Nested Loop", "22-Nested Loop\22-Nested Loop.vcxproj", "{DBEEDA89-1DEF-47EA-AD88-3D1B38B2CB6E}"
EndProject
Project("{8BC9CEB8-8B4A-11D0-8D11-00A0C91BC942}") = "23-Functions", "23-Functions\23-Functions.vcxproj", "{8586545F-83E9-4AF1-A8D8-4F8A5B822A0C}"
EndProject
Project("{8BC9CEB8-8B4A-11D0-8D11-00A0C91BC942}") = "24-Function Default Parameters", "24-Function Default Parameters\24-Function Default Parameters.vcxproj", "{7439A58B-FDF2-4518-BBF6-2C816397B1EB}"
EndProject
Project("{8BC9CEB8-8B4A-11D0-8D11-00A0C91BC942}") = "25-Overloading Functions", "25-Overloading Functions\25-Overloading Functions.vcxproj", "{DE097FAB-6CD5-4B11-9DEE-91DC2CE13FC4}"
EndProject
Project("{8BC9CEB8-8B4A-11D0-8D11-00A0C91BC942}") = "26-Argument References", "26-Argument References\26-Argument References.vcxproj", "{32B991D2-876D-45F2-9D53-C699C5817EC5}"
EndProject
Project("{8BC9CEB8-8B4A-11D0-8D11-00A0C91BC942}") = "27-Declare Functions", "27-Declare Functions\27-Declare Functions.vcxproj", "{73F4265A-CABB-4C51-8F3B-336A6A567C89}"
EndProject
Project("{8BC9CEB8-8B4A-11D0-8D11-00A0C91BC942}") = "28-Organize Functions", "28-Organize Functions\28-Organize Functions.vcxproj", "{973F4EFE-342E-4EBF-99C5-8E692524A3BC}"
EndProject
Global
	GlobalSection(SolutionConfigurationPlatforms) = preSolution
		Debug|x64 = Debug|x64
		Debug|x86 = Debug|x86
		Release|x64 = Release|x64
		Release|x86 = Release|x86
	EndGlobalSection
	GlobalSection(ProjectConfigurationPlatforms) = postSolution
		{D998D839-98E2-4668-8EDF-5B3BA979A46E}.Debug|x64.ActiveCfg = Debug|x64
		{D998D839-98E2-4668-8EDF-5B3BA979A46E}.Debug|x64.Build.0 = Debug|x64
		{D998D839-98E2-4668-8EDF-5B3BA979A46E}.Debug|x86.ActiveCfg = Debug|Win32
		{D998D839-98E2-4668-8EDF-5B3BA979A46E}.Debug|x86.Build.0 = Debug|Win32
		{D998D839-98E2-4668-8EDF-5B3BA979A46E}.Release|x64.ActiveCfg = Release|x64
		{D998D839-98E2-4668-8EDF-5B3BA979A46E}.Release|x64.Build.0 = Release|x64
		{D998D839-98E2-4668-8EDF-5B3BA979A46E}.Release|x86.ActiveCfg = Release|Win32
		{D998D839-98E2-4668-8EDF-5B3BA979A46E}.Release|x86.Build.0 = Release|Win32
		{A97CC2C5-C284-43BB-9E7D-53B61DF9433C}.Debug|x64.ActiveCfg = Debug|x64
		{A97CC2C5-C284-43BB-9E7D-53B61DF9433C}.Debug|x64.Build.0 = Debug|x64
		{A97CC2C5-C284-43BB-9E7D-53B61DF9433C}.Debug|x86.ActiveCfg = Debug|Win32
		{A97CC2C5-C284-43BB-9E7D-53B61DF9433C}.Debug|x86.Build.0 = Debug|Win32
		{A97CC2C5-C284-43BB-9E7D-53B61DF9433C}.Release|x64.ActiveCfg = Release|x64
		{A97CC2C5-C284-43BB-9E7D-53B61DF9433C}.Release|x64.Build.0 = Release|x64
		{A97CC2C5-C284-43BB-9E7D-53B61DF9433C}.Release|x86.ActiveCfg = Release|Win32
		{A97CC2C5-C284-43BB-9E7D-53B61DF9433C}.Release|x86.Build.0 = Release|Win32
		{5FB00D0B-C50D-48EB-A7F6-8F9A19BA54C0}.Debug|x64.ActiveCfg = Debug|x64
		{5FB00D0B-C50D-48EB-A7F6-8F9A19BA54C0}.Debug|x64.Build.0 = Debug|x64
		{5FB00D0B-C50D-48EB-A7F6-8F9A19BA54C0}.Debug|x86.ActiveCfg = Debug|Win32
		{5FB00D0B-C50D-48EB-A7F6-8F9A19BA54C0}.Debug|x86.Build.0 = Debug|Win32
		{5FB00D0B-C50D-48EB-A7F6-8F9A19BA54C0}.Release|x64.ActiveCfg = Release|x64
		{5FB00D0B-C50D-48EB-A7F6-8F9A19BA54C0}.Release|x64.Build.0 = Release|x64
		{5FB00D0B-C50D-48EB-A7F6-8F9A19BA54C0}.Release|x86.ActiveCfg = Release|Win32
		{5FB00D0B-C50D-48EB-A7F6-8F9A19BA54C0}.Release|x86.Build.0 = Release|Win32
		{4A81D780-0076-4FBB-ACCC-053CDF406714}.Debug|x64.ActiveCfg = Debug|x64
		{4A81D780-0076-4FBB-ACCC-053CDF406714}.Debug|x64.Build.0 = Debug|x64
		{4A81D780-0076-4FBB-ACCC-053CDF406714}.Debug|x86.ActiveCfg = Debug|Win32
		{4A81D780-0076-4FBB-ACCC-053CDF406714}.Debug|x86.Build.0 = Debug|Win32
		{4A81D780-0076-4FBB-ACCC-053CDF406714}.Release|x64.ActiveCfg = Release|x64
		{4A81D780-0076-4FBB-ACCC-053CDF406714}.Release|x64.Build.0 = Release|x64
		{4A81D780-0076-4FBB-ACCC-053CDF406714}.Release|x86.ActiveCfg = Release|Win32
		{4A81D780-0076-4FBB-ACCC-053CDF406714}.Release|x86.Build.0 = Release|Win32
		{A448ADA5-EAF3-4B72-8ABC-55456D450FE0}.Debug|x64.ActiveCfg = Debug|x64
		{A448ADA5-EAF3-4B72-8ABC-55456D450FE0}.Debug|x64.Build.0 = Debug|x64
		{A448ADA5-EAF3-4B72-8ABC-55456D450FE0}.Debug|x86.ActiveCfg = Debug|Win32
		{A448ADA5-EAF3-4B72-8ABC-55456D450FE0}.Debug|x86.Build.0 = Debug|Win32
		{A448ADA5-EAF3-4B72-8ABC-55456D450FE0}.Release|x64.ActiveCfg = Release|x64
		{A448ADA5-EAF3-4B72-8ABC-55456D450FE0}.Release|x64.Build.0 = Release|x64
		{A448ADA5-EAF3-4B72-8ABC-55456D450FE0}.Release|x86.ActiveCfg = Release|Win32
		{A448ADA5-EAF3-4B72-8ABC-55456D450FE0}.Release|x86.Build.0 = Release|Win32
		{0E5F02F6-A365-4A7A-9323-21EBF53D2A42}.Debug|x64.ActiveCfg = Debug|x64
		{0E5F02F6-A365-4A7A-9323-21EBF53D2A42}.Debug|x64.Build.0 = Debug|x64
		{0E5F02F6-A365-4A7A-9323-21EBF53D2A42}.Debug|x86.ActiveCfg = Debug|Win32
		{0E5F02F6-A365-4A7A-9323-21EBF53D2A42}.Debug|x86.Build.0 = Debug|Win32
		{0E5F02F6-A365-4A7A-9323-21EBF53D2A42}.Release|x64.ActiveCfg = Release|x64
		{0E5F02F6-A365-4A7A-9323-21EBF53D2A42}.Release|x64.Build.0 = Release|x64
		{0E5F02F6-A365-4A7A-9323-21EBF53D2A42}.Release|x86.ActiveCfg = Release|Win32
		{0E5F02F6-A365-4A7A-9323-21EBF53D2A42}.Release|x86.Build.0 = Release|Win32
		{EBD0FBCA-0212-4F03-B79C-A0ABB3BF4841}.Debug|x64.ActiveCfg = Debug|x64
		{EBD0FBCA-0212-4F03-B79C-A0ABB3BF4841}.Debug|x64.Build.0 = Debug|x64
		{EBD0FBCA-0212-4F03-B79C-A0ABB3BF4841}.Debug|x86.ActiveCfg = Debug|Win32
		{EBD0FBCA-0212-4F03-B79C-A0ABB3BF4841}.Debug|x86.Build.0 = Debug|Win32
		{EBD0FBCA-0212-4F03-B79C-A0ABB3BF4841}.Release|x64.ActiveCfg = Release|x64
		{EBD0FBCA-0212-4F03-B79C-A0ABB3BF4841}.Release|x64.Build.0 = Release|x64
		{EBD0FBCA-0212-4F03-B79C-A0ABB3BF4841}.Release|x86.ActiveCfg = Release|Win32
		{EBD0FBCA-0212-4F03-B79C-A0ABB3BF4841}.Release|x86.Build.0 = Release|Win32
		{BF9A15FB-B258-4880-92ED-16D1D7943175}.Debug|x64.ActiveCfg = Debug|x64
		{BF9A15FB-B258-4880-92ED-16D1D7943175}.Debug|x64.Build.0 = Debug|x64
		{BF9A15FB-B258-4880-92ED-16D1D7943175}.Debug|x86.ActiveCfg = Debug|Win32
		{BF9A15FB-B258-4880-92ED-16D1D7943175}.Debug|x86.Build.0 = Debug|Win32
		{BF9A15FB-B258-4880-92ED-16D1D7943175}.Release|x64.ActiveCfg = Release|x64
		{BF9A15FB-B258-4880-92ED-16D1D7943175}.Release|x64.Build.0 = Release|x64
		{BF9A15FB-B258-4880-92ED-16D1D7943175}.Release|x86.ActiveCfg = Release|Win32
		{BF9A15FB-B258-4880-92ED-16D1D7943175}.Release|x86.Build.0 = Release|Win32
		{B984FD12-4F82-4674-8106-AE49AC364200}.Debug|x64.ActiveCfg = Debug|x64
		{B984FD12-4F82-4674-8106-AE49AC364200}.Debug|x64.Build.0 = Debug|x64
		{B984FD12-4F82-4674-8106-AE49AC364200}.Debug|x86.ActiveCfg = Debug|Win32
		{B984FD12-4F82-4674-8106-AE49AC364200}.Debug|x86.Build.0 = Debug|Win32
		{B984FD12-4F82-4674-8106-AE49AC364200}.Release|x64.ActiveCfg = Release|x64
		{B984FD12-4F82-4674-8106-AE49AC364200}.Release|x64.Build.0 = Release|x64
		{B984FD12-4F82-4674-8106-AE49AC364200}.Release|x86.ActiveCfg = Release|Win32
		{B984FD12-4F82-4674-8106-AE49AC364200}.Release|x86.Build.0 = Release|Win32
		{9C11C747-C878-484F-AA2D-55BF9DFBFB5B}.Debug|x64.ActiveCfg = Debug|x64
		{9C11C747-C878-484F-AA2D-55BF9DFBFB5B}.Debug|x64.Build.0 = Debug|x64
		{9C11C747-C878-484F-AA2D-55BF9DFBFB5B}.Debug|x86.ActiveCfg = Debug|Win32
		{9C11C747-C878-484F-AA2D-55BF9DFBFB5B}.Debug|x86.Build.0 = Debug|Win32
		{9C11C747-C878-484F-AA2D-55BF9DFBFB5B}.Release|x64.ActiveCfg = Release|x64
		{9C11C747-C878-484F-AA2D-55BF9DFBFB5B}.Release|x64.Build.0 = Release|x64
		{9C11C747-C878-484F-AA2D-55BF9DFBFB5B}.Release|x86.ActiveCfg = Release|Win32
		{9C11C747-C878-484F-AA2D-55BF9DFBFB5B}.Release|x86.Build.0 = Release|Win32
		{EA4B435E-1D43-454A-9FA1-DF4EABC81FEE}.Debug|x64.ActiveCfg = Debug|x64
		{EA4B435E-1D43-454A-9FA1-DF4EABC81FEE}.Debug|x64.Build.0 = Debug|x64
		{EA4B435E-1D43-454A-9FA1-DF4EABC81FEE}.Debug|x86.ActiveCfg = Debug|Win32
		{EA4B435E-1D43-454A-9FA1-DF4EABC81FEE}.Debug|x86.Build.0 = Debug|Win32
		{EA4B435E-1D43-454A-9FA1-DF4EABC81FEE}.Release|x64.ActiveCfg = Release|x64
		{EA4B435E-1D43-454A-9FA1-DF4EABC81FEE}.Release|x64.Build.0 = Release|x64
		{EA4B435E-1D43-454A-9FA1-DF4EABC81FEE}.Release|x86.ActiveCfg = Release|Win32
		{EA4B435E-1D43-454A-9FA1-DF4EABC81FEE}.Release|x86.Build.0 = Release|Win32
		{AB142F9C-D192-43E4-967D-5C0A79757FAE}.Debug|x64.ActiveCfg = Debug|x64
		{AB142F9C-D192-43E4-967D-5C0A79757FAE}.Debug|x64.Build.0 = Debug|x64
		{AB142F9C-D192-43E4-967D-5C0A79757FAE}.Debug|x86.ActiveCfg = Debug|Win32
		{AB142F9C-D192-43E4-967D-5C0A79757FAE}.Debug|x86.Build.0 = Debug|Win32
		{AB142F9C-D192-43E4-967D-5C0A79757FAE}.Release|x64.ActiveCfg = Release|x64
		{AB142F9C-D192-43E4-967D-5C0A79757FAE}.Release|x64.Build.0 = Release|x64
		{AB142F9C-D192-43E4-967D-5C0A79757FAE}.Release|x86.ActiveCfg = Release|Win32
		{AB142F9C-D192-43E4-967D-5C0A79757FAE}.Release|x86.Build.0 = Release|Win32
		{C35A23C1-0E69-4AC5-AFFD-9539B139F9C7}.Debug|x64.ActiveCfg = Debug|x64
		{C35A23C1-0E69-4AC5-AFFD-9539B139F9C7}.Debug|x64.Build.0 = Debug|x64
		{C35A23C1-0E69-4AC5-AFFD-9539B139F9C7}.Debug|x86.ActiveCfg = Debug|Win32
		{C35A23C1-0E69-4AC5-AFFD-9539B139F9C7}.Debug|x86.Build.0 = Debug|Win32
		{C35A23C1-0E69-4AC5-AFFD-9539B139F9C7}.Release|x64.ActiveCfg = Release|x64
		{C35A23C1-0E69-4AC5-AFFD-9539B139F9C7}.Release|x64.Build.0 = Release|x64
		{C35A23C1-0E69-4AC5-AFFD-9539B139F9C7}.Release|x86.ActiveCfg = Release|Win32
		{C35A23C1-0E69-4AC5-AFFD-9539B139F9C7}.Release|x86.Build.0 = Release|Win32
		{7646FC83-5330-4E3C-BC23-A9BFCA895555}.Debug|x64.ActiveCfg = Debug|x64
		{7646FC83-5330-4E3C-BC23-A9BFCA895555}.Debug|x64.Build.0 = Debug|x64
		{7646FC83-5330-4E3C-BC23-A9BFCA895555}.Debug|x86.ActiveCfg = Debug|Win32
		{7646FC83-5330-4E3C-BC23-A9BFCA895555}.Debug|x86.Build.0 = Debug|Win32
		{7646FC83-5330-4E3C-BC23-A9BFCA895555}.Release|x64.ActiveCfg = Release|x64
		{7646FC83-5330-4E3C-BC23-A9BFCA895555}.Release|x64.Build.0 = Release|x64
		{7646FC83-5330-4E3C-BC23-A9BFCA895555}.Release|x86.ActiveCfg = Release|Win32
		{7646FC83-5330-4E3C-BC23-A9BFCA895555}.Release|x86.Build.0 = Release|Win32
		{027CAB9A-2BC9-4371-BD1A-A48E1B10D01A}.Debug|x64.ActiveCfg = Debug|x64
		{027CAB9A-2BC9-4371-BD1A-A48E1B10D01A}.Debug|x64.Build.0 = Debug|x64
		{027CAB9A-2BC9-4371-BD1A-A48E1B10D01A}.Debug|x86.ActiveCfg = Debug|Win32
		{027CAB9A-2BC9-4371-BD1A-A48E1B10D01A}.Debug|x86.Build.0 = Debug|Win32
		{027CAB9A-2BC9-4371-BD1A-A48E1B10D01A}.Release|x64.ActiveCfg = Release|x64
		{027CAB9A-2BC9-4371-BD1A-A48E1B10D01A}.Release|x64.Build.0 = Release|x64
		{027CAB9A-2BC9-4371-BD1A-A48E1B10D01A}.Release|x86.ActiveCfg = Release|Win32
		{027CAB9A-2BC9-4371-BD1A-A48E1B10D01A}.Release|x86.Build.0 = Release|Win32
		{50F08ECA-6BF9-4601-8725-DB92DFA60A9F}.Debug|x64.ActiveCfg = Debug|x64
		{50F08ECA-6BF9-4601-8725-DB92DFA60A9F}.Debug|x64.Build.0 = Debug|x64
		{50F08ECA-6BF9-4601-8725-DB92DFA60A9F}.Debug|x86.ActiveCfg = Debug|Win32
		{50F08ECA-6BF9-4601-8725-DB92DFA60A9F}.Debug|x86.Build.0 = Debug|Win32
		{50F08ECA-6BF9-4601-8725-DB92DFA60A9F}.Release|x64.ActiveCfg = Release|x64
		{50F08ECA-6BF9-4601-8725-DB92DFA60A9F}.Release|x64.Build.0 = Release|x64
		{50F08ECA-6BF9-4601-8725-DB92DFA60A9F}.Release|x86.ActiveCfg = Release|Win32
		{50F08ECA-6BF9-4601-8725-DB92DFA60A9F}.Release|x86.Build.0 = Release|Win32
		{0C808814-6E49-4C5F-9D62-EF47F54B8696}.Debug|x64.ActiveCfg = Debug|x64
		{0C808814-6E49-4C5F-9D62-EF47F54B8696}.Debug|x64.Build.0 = Debug|x64
		{0C808814-6E49-4C5F-9D62-EF47F54B8696}.Debug|x86.ActiveCfg = Debug|Win32
		{0C808814-6E49-4C5F-9D62-EF47F54B8696}.Debug|x86.Build.0 = Debug|Win32
		{0C808814-6E49-4C5F-9D62-EF47F54B8696}.Release|x64.ActiveCfg = Release|x64
		{0C808814-6E49-4C5F-9D62-EF47F54B8696}.Release|x64.Build.0 = Release|x64
		{0C808814-6E49-4C5F-9D62-EF47F54B8696}.Release|x86.ActiveCfg = Release|Win32
		{0C808814-6E49-4C5F-9D62-EF47F54B8696}.Release|x86.Build.0 = Release|Win32
		{69D0C54A-2044-41CA-84A3-439C9C6F2C4D}.Debug|x64.ActiveCfg = Debug|x64
		{69D0C54A-2044-41CA-84A3-439C9C6F2C4D}.Debug|x64.Build.0 = Debug|x64
		{69D0C54A-2044-41CA-84A3-439C9C6F2C4D}.Debug|x86.ActiveCfg = Debug|Win32
		{69D0C54A-2044-41CA-84A3-439C9C6F2C4D}.Debug|x86.Build.0 = Debug|Win32
		{69D0C54A-2044-41CA-84A3-439C9C6F2C4D}.Release|x64.ActiveCfg = Release|x64
		{69D0C54A-2044-41CA-84A3-439C9C6F2C4D}.Release|x64.Build.0 = Release|x64
		{69D0C54A-2044-41CA-84A3-439C9C6F2C4D}.Release|x86.ActiveCfg = Release|Win32
		{69D0C54A-2044-41CA-84A3-439C9C6F2C4D}.Release|x86.Build.0 = Release|Win32
		{CE55E134-5E29-47EA-8A63-C2A7C06B272B}.Debug|x64.ActiveCfg = Debug|x64
		{CE55E134-5E29-47EA-8A63-C2A7C06B272B}.Debug|x64.Build.0 = Debug|x64
		{CE55E134-5E29-47EA-8A63-C2A7C06B272B}.Debug|x86.ActiveCfg = Debug|Win32
		{CE55E134-5E29-47EA-8A63-C2A7C06B272B}.Debug|x86.Build.0 = Debug|Win32
		{CE55E134-5E29-47EA-8A63-C2A7C06B272B}.Release|x64.ActiveCfg = Release|x64
		{CE55E134-5E29-47EA-8A63-C2A7C06B272B}.Release|x64.Build.0 = Release|x64
		{CE55E134-5E29-47EA-8A63-C2A7C06B272B}.Release|x86.ActiveCfg = Release|Win32
		{CE55E134-5E29-47EA-8A63-C2A7C06B272B}.Release|x86.Build.0 = Release|Win32
		{46C1669D-D2A9-4A71-B67A-110CE768A192}.Debug|x64.ActiveCfg = Debug|x64
		{46C1669D-D2A9-4A71-B67A-110CE768A192}.Debug|x64.Build.0 = Debug|x64
		{46C1669D-D2A9-4A71-B67A-110CE768A192}.Debug|x86.ActiveCfg = Debug|Win32
		{46C1669D-D2A9-4A71-B67A-110CE768A192}.Debug|x86.Build.0 = Debug|Win32
		{46C1669D-D2A9-4A71-B67A-110CE768A192}.Release|x64.ActiveCfg = Release|x64
		{46C1669D-D2A9-4A71-B67A-110CE768A192}.Release|x64.Build.0 = Release|x64
		{46C1669D-D2A9-4A71-B67A-110CE768A192}.Release|x86.ActiveCfg = Release|Win32
		{46C1669D-D2A9-4A71-B67A-110CE768A192}.Release|x86.Build.0 = Release|Win32
		{AAC09F46-B49D-4185-A1FD-7855580437F1}.Debug|x64.ActiveCfg = Debug|x64
		{AAC09F46-B49D-4185-A1FD-7855580437F1}.Debug|x64.Build.0 = Debug|x64
		{AAC09F46-B49D-4185-A1FD-7855580437F1}.Debug|x86.ActiveCfg = Debug|Win32
		{AAC09F46-B49D-4185-A1FD-7855580437F1}.Debug|x86.Build.0 = Debug|Win32
		{AAC09F46-B49D-4185-A1FD-7855580437F1}.Release|x64.ActiveCfg = Release|x64
		{AAC09F46-B49D-4185-A1FD-7855580437F1}.Release|x64.Build.0 = Release|x64
		{AAC09F46-B49D-4185-A1FD-7855580437F1}.Release|x86.ActiveCfg = Release|Win32
		{AAC09F46-B49D-4185-A1FD-7855580437F1}.Release|x86.Build.0 = Release|Win32
		{DBEEDA89-1DEF-47EA-AD88-3D1B38B2CB6E}.Debug|x64.ActiveCfg = Debug|x64
		{DBEEDA89-1DEF-47EA-AD88-3D1B38B2CB6E}.Debug|x64.Build.0 = Debug|x64
		{DBEEDA89-1DEF-47EA-AD88-3D1B38B2CB6E}.Debug|x86.ActiveCfg = Debug|Win32
		{DBEEDA89-1DEF-47EA-AD88-3D1B38B2CB6E}.Debug|x86.Build.0 = Debug|Win32
		{DBEEDA89-1DEF-47EA-AD88-3D1B38B2CB6E}.Release|x64.ActiveCfg = Release|x64
		{DBEEDA89-1DEF-47EA-AD88-3D1B38B2CB6E}.Release|x64.Build.0 = Release|x64
		{DBEEDA89-1DEF-47EA-AD88-3D1B38B2CB6E}.Release|x86.ActiveCfg = Release|Win32
		{DBEEDA89-1DEF-47EA-AD88-3D1B38B2CB6E}.Release|x86.Build.0 = Release|Win32
		{8586545F-83E9-4AF1-A8D8-4F8A5B822A0C}.Debug|x64.ActiveCfg = Debug|x64
		{8586545F-83E9-4AF1-A8D8-4F8A5B822A0C}.Debug|x64.Build.0 = Debug|x64
		{8586545F-83E9-4AF1-A8D8-4F8A5B822A0C}.Debug|x86.ActiveCfg = Debug|Win32
		{8586545F-83E9-4AF1-A8D8-4F8A5B822A0C}.Debug|x86.Build.0 = Debug|Win32
		{8586545F-83E9-4AF1-A8D8-4F8A5B822A0C}.Release|x64.ActiveCfg = Release|x64
		{8586545F-83E9-4AF1-A8D8-4F8A5B822A0C}.Release|x64.Build.0 = Release|x64
		{8586545F-83E9-4AF1-A8D8-4F8A5B822A0C}.Release|x86.ActiveCfg = Release|Win32
		{8586545F-83E9-4AF1-A8D8-4F8A5B822A0C}.Release|x86.Build.0 = Release|Win32
		{7439A58B-FDF2-4518-BBF6-2C816397B1EB}.Debug|x64.ActiveCfg = Debug|x64
		{7439A58B-FDF2-4518-BBF6-2C816397B1EB}.Debug|x64.Build.0 = Debug|x64
		{7439A58B-FDF2-4518-BBF6-2C816397B1EB}.Debug|x86.ActiveCfg = Debug|Win32
		{7439A58B-FDF2-4518-BBF6-2C816397B1EB}.Debug|x86.Build.0 = Debug|Win32
		{7439A58B-FDF2-4518-BBF6-2C816397B1EB}.Release|x64.ActiveCfg = Release|x64
		{7439A58B-FDF2-4518-BBF6-2C816397B1EB}.Release|x64.Build.0 = Release|x64
		{7439A58B-FDF2-4518-BBF6-2C816397B1EB}.Release|x86.ActiveCfg = Release|Win32
		{7439A58B-FDF2-4518-BBF6-2C816397B1EB}.Release|x86.Build.0 = Release|Win32
		{DE097FAB-6CD5-4B11-9DEE-91DC2CE13FC4}.Debug|x64.ActiveCfg = Debug|x64
		{DE097FAB-6CD5-4B11-9DEE-91DC2CE13FC4}.Debug|x64.Build.0 = Debug|x64
		{DE097FAB-6CD5-4B11-9DEE-91DC2CE13FC4}.Debug|x86.ActiveCfg = Debug|Win32
		{DE097FAB-6CD5-4B11-9DEE-91DC2CE13FC4}.Debug|x86.Build.0 = Debug|Win32
		{DE097FAB-6CD5-4B11-9DEE-91DC2CE13FC4}.Release|x64.ActiveCfg = Release|x64
		{DE097FAB-6CD5-4B11-9DEE-91DC2CE13FC4}.Release|x64.Build.0 = Release|x64
		{DE097FAB-6CD5-4B11-9DEE-91DC2CE13FC4}.Release|x86.ActiveCfg = Release|Win32
		{DE097FAB-6CD5-4B11-9DEE-91DC2CE13FC4}.Release|x86.Build.0 = Release|Win32
		{32B991D2-876D-45F2-9D53-C699C5817EC5}.Debug|x64.ActiveCfg = Debug|x64
		{32B991D2-876D-45F2-9D53-C699C5817EC5}.Debug|x64.Build.0 = Debug|x64
		{32B991D2-876D-45F2-9D53-C699C5817EC5}.Debug|x86.ActiveCfg = Debug|Win32
		{32B991D2-876D-45F2-9D53-C699C5817EC5}.Debug|x86.Build.0 = Debug|Win32
		{32B991D2-876D-45F2-9D53-C699C5817EC5}.Release|x64.ActiveCfg = Release|x64
		{32B991D2-876D-45F2-9D53-C699C5817EC5}.Release|x64.Build.0 = Release|x64
		{32B991D2-876D-45F2-9D53-C699C5817EC5}.Release|x86.ActiveCfg = Release|Win32
		{32B991D2-876D-45F2-9D53-C699C5817EC5}.Release|x86.Build.0 = Release|Win32
		{73F4265A-CABB-4C51-8F3B-336A6A567C89}.Debug|x64.ActiveCfg = Debug|x64
		{73F4265A-CABB-4C51-8F3B-336A6A567C89}.Debug|x64.Build.0 = Debug|x64
		{73F4265A-CABB-4C51-8F3B-336A6A567C89}.Debug|x86.ActiveCfg = Debug|Win32
		{73F4265A-CABB-4C51-8F3B-336A6A567C89}.Debug|x86.Build.0 = Debug|Win32
		{73F4265A-CABB-4C51-8F3B-336A6A567C89}.Release|x64.ActiveCfg = Release|x64
		{73F4265A-CABB-4C51-8F3B-336A6A567C89}.Release|x64.Build.0 = Release|x64
		{73F4265A-CABB-4C51-8F3B-336A6A567C89}.Release|x86.ActiveCfg = Release|Win32
		{73F4265A-CABB-4C51-8F3B-336A6A567C89}.Release|x86.Build.0 = Release|Win32
		{973F4EFE-342E-4EBF-99C5-8E692524A3BC}.Debug|x64.ActiveCfg = Debug|x64
		{973F4EFE-342E-4EBF-99C5-8E692524A3BC}.Debug|x64.Build.0 = Debug|x64
		{973F4EFE-342E-4EBF-99C5-8E692524A3BC}.Debug|x86.ActiveCfg = Debug|Win32
		{973F4EFE-342E-4EBF-99C5-8E692524A3BC}.Debug|x86.Build.0 = Debug|Win32
		{973F4EFE-342E-4EBF-99C5-8E692524A3BC}.Release|x64.ActiveCfg = Release|x64
		{973F4EFE-342E-4EBF-99C5-8E692524A3BC}.Release|x64.Build.0 = Release|x64
		{973F4EFE-342E-4EBF-99C5-8E692524A3BC}.Release|x86.ActiveCfg = Release|Win32
		{973F4EFE-342E-4EBF-99C5-8E692524A3BC}.Release|x86.Build.0 = Release|Win32
	EndGlobalSection
	GlobalSection(SolutionProperties) = preSolution
		HideSolutionNode = FALSE
	EndGlobalSection
	GlobalSection(ExtensibilityGlobals) = postSolution
		SolutionGuid = {8B1E4C82-D2A4-48A9-9F58-8F6826C836E1}
	EndGlobalSection
EndGlobal
